# This file is automatically @generated by Cargo.
# It is not intended for manual editing.
# It is checked in from the bootstrap so the repository starts with a locked workspace.
version = 4

[[package]]
name = "forge-cli"
version = "0.0.0"
dependencies = [
 "forge-core",
 "forge-detect",
 "forge-render",
 "forge-runtime",
 "forge-schema",
]

[[package]]
name = "forge-core"
version = "0.0.0"
dependencies = [
 "forge-schema",
]

[[package]]
name = "forge-detect"
version = "0.0.0"
dependencies = [
 "forge-core",
]

[[package]]
name = "forge-render"
version = "0.0.0"
dependencies = [
 "forge-core",
]

[[package]]
name = "forge-runtime"
version = "0.0.0"
dependencies = [
 "forge-core",
]

[[package]]
name = "forge-schema"
version = "0.0.0"

[[package]]
name = "xtask"
version = "0.0.0"
